
Microsoft Visual Studio Solution File, Format Version 12.00
# Visual Studio Version 17
VisualStudioVersion = 17.2.32616.157
MinimumVisualStudioVersion = 10.0.40219.1
Project("{FAE04EC0-301F-11D3-BF4B-00C04F79EFBC}") = "LoL Assist", "LoL Assist\LoL Assist.csproj", "{0BD0D0DA-C57A-43F1-A986-0B92F2235045}"
	ProjectSection(ProjectDependencies) = postProject
		{9E50B20F-540C-43C4-87DE-5E38EF9FE5EC} = {9E50B20F-540C-43C4-87DE-5E38EF9FE5EC}
		{CF6C8D8A-8DDA-4BD1-80E4-82C3436840B1} = {CF6C8D8A-8DDA-4BD1-80E4-82C3436840B1}
	EndProjectSection
EndProject
Project("{FAE04EC0-301F-11D3-BF4B-00C04F79EFBC}") = "LoLA Updater", "LoLA Updater\LoLA Updater.csproj", "{CF6C8D8A-8DDA-4BD1-80E4-82C3436840B1}"
EndProject
Project("{FAE04EC0-301F-11D3-BF4B-00C04F79EFBC}") = "LoLA", "LoLA\LoLA\LoLA.csproj", "{9E50B20F-540C-43C4-87DE-5E38EF9FE5EC}"
EndProject
Global
	GlobalSection(SolutionConfigurationPlatforms) = preSolution
		Debug|Any CPU = Debug|Any CPU
		Debug|x64 = Debug|x64
		Release|Any CPU = Release|Any CPU
		Release|x64 = Release|x64
	EndGlobalSection
	GlobalSection(ProjectConfigurationPlatforms) = postSolution
		{0BD0D0DA-C57A-43F1-A986-0B92F2235045}.Debug|Any CPU.ActiveCfg = Debug|Any CPU
		{0BD0D0DA-C57A-43F1-A986-0B92F2235045}.Debug|Any CPU.Build.0 = Debug|Any CPU
		{0BD0D0DA-C57A-43F1-A986-0B92F2235045}.Debug|x64.ActiveCfg = Debug|x64
		{0BD0D0DA-C57A-43F1-A986-0B92F2235045}.Debug|x64.Build.0 = Debug|x64
		{0BD0D0DA-C57A-43F1-A986-0B92F2235045}.Release|Any CPU.ActiveCfg = Release|Any CPU
		{0BD0D0DA-C57A-43F1-A986-0B92F2235045}.Release|Any CPU.Build.0 = Release|Any CPU
		{0BD0D0DA-C57A-43F1-A986-0B92F2235045}.Release|x64.ActiveCfg = Release|x64
		{0BD0D0DA-C57A-43F1-A986-0B92F2235045}.Release|x64.Build.0 = Release|x64
		{CF6C8D8A-8DDA-4BD1-80E4-82C3436840B1}.Debug|Any CPU.ActiveCfg = Debug|Any CPU
		{CF6C8D8A-8DDA-4BD1-80E4-82C3436840B1}.Debug|Any CPU.Build.0 = Debug|Any CPU
		{CF6C8D8A-8DDA-4BD1-80E4-82C3436840B1}.Debug|x64.ActiveCfg = Debug|x64
		{CF6C8D8A-8DDA-4BD1-80E4-82C3436840B1}.Debug|x64.Build.0 = Debug|x64
		{CF6C8D8A-8DDA-4BD1-80E4-82C3436840B1}.Release|Any CPU.ActiveCfg = Release|Any CPU
		{CF6C8D8A-8DDA-4BD1-80E4-82C3436840B1}.Release|Any CPU.Build.0 = Release|Any CPU
		{CF6C8D8A-8DDA-4BD1-80E4-82C3436840B1}.Release|x64.ActiveCfg = Release|x64
		{CF6C8D8A-8DDA-4BD1-80E4-82C3436840B1}.Release|x64.Build.0 = Release|x64
		{9E50B20F-540C-43C4-87DE-5E38EF9FE5EC}.Debug|Any CPU.ActiveCfg = Debug|Any CPU
		{9E50B20F-540C-43C4-87DE-5E38EF9FE5EC}.Debug|Any CPU.Build.0 = Debug|Any CPU
		{9E50B20F-540C-43C4-87DE-5E38EF9FE5EC}.Debug|x64.ActiveCfg = Debug|x64
		{9E50B20F-540C-43C4-87DE-5E38EF9FE5EC}.Debug|x64.Build.0 = Debug|x64
		{9E50B20F-540C-43C4-87DE-5E38EF9FE5EC}.Release|Any CPU.ActiveCfg = Release|Any CPU
		{9E50B20F-540C-43C4-87DE-5E38EF9FE5EC}.Release|Any CPU.Build.0 = Release|Any CPU
		{9E50B20F-540C-43C4-87DE-5E38EF9FE5EC}.Release|x64.ActiveCfg = Release|x64
		{9E50B20F-540C-43C4-87DE-5E38EF9FE5EC}.Release|x64.Build.0 = Release|x64
	EndGlobalSection
	GlobalSection(SolutionProperties) = preSolution
		HideSolutionNode = FALSE
	EndGlobalSection
	GlobalSection(ExtensibilityGlobals) = postSolution
		SolutionGuid = {FA84003E-B9D7-419B-93F9-BE07E0618F9D}
	EndGlobalSection
EndGlobal
