
Microsoft Visual Studio Solution File, Format Version 12.00
# Visual Studio Version 17
VisualStudioVersion = 17.0.31612.314
MinimumVisualStudioVersion = 10.0.40219.1
Project("{FAE04EC0-301F-11D3-BF4B-00C04F79EFBC}") = "LoLA", "LoLA\LoLA.csproj", "{9A371B4A-862F-43A8-97C2-4ABB67BA79FC}"
EndProject
Global
	GlobalSection(SolutionConfigurationPlatforms) = preSolution
		Debug|Any CPU = Debug|Any CPU
		Release|Any CPU = Release|Any CPU
	EndGlobalSection
	GlobalSection(ProjectConfigurationPlatforms) = postSolution
		{9A371B4A-862F-43A8-97C2-4ABB67BA79FC}.Debug|Any CPU.ActiveCfg = Debug|Any CPU
		{9A371B4A-862F-43A8-97C2-4ABB67BA79FC}.Debug|Any CPU.Build.0 = Debug|Any CPU
		{9A371B4A-862F-43A8-97C2-4ABB67BA79FC}.Release|Any CPU.ActiveCfg = Release|Any CPU
		{9A371B4A-862F-43A8-97C2-4ABB67BA79FC}.Release|Any CPU.Build.0 = Release|Any CPU
	EndGlobalSection
	GlobalSection(SolutionProperties) = preSolution
		HideSolutionNode = FALSE
	EndGlobalSection
	GlobalSection(ExtensibilityGlobals) = postSolution
		SolutionGuid = {2A070BCB-BE57-4354-884A-FB4A1E4CBC44}
	EndGlobalSection
EndGlobal
