
Microsoft Visual Studio Solution File, Format Version 12.00
# Visual Studio Version 17
VisualStudioVersion = 17.2.32526.322
MinimumVisualStudioVersion = 10.0.40219.1
Project("{FAE04EC0-301F-11D3-BF4B-00C04F79EFBC}") = "LoLA", "LoLA\LoLA.csproj", "{9E50B20F-540C-43C4-87DE-5E38EF9FE5EC}"
EndProject
Global
	GlobalSection(SolutionConfigurationPlatforms) = preSolution
		Debug|Any CPU = Debug|Any CPU
		Release|Any CPU = Release|Any CPU
	EndGlobalSection
	GlobalSection(ProjectConfigurationPlatforms) = postSolution
		{9E50B20F-540C-43C4-87DE-5E38EF9FE5EC}.Debug|Any CPU.ActiveCfg = Debug|Any CPU
		{9E50B20F-540C-43C4-87DE-5E38EF9FE5EC}.Debug|Any CPU.Build.0 = Debug|Any CPU
		{9E50B20F-540C-43C4-87DE-5E38EF9FE5EC}.Release|Any CPU.ActiveCfg = Release|Any CPU
		{9E50B20F-540C-43C4-87DE-5E38EF9FE5EC}.Release|Any CPU.Build.0 = Release|Any CPU
	EndGlobalSection
	GlobalSection(SolutionProperties) = preSolution
		HideSolutionNode = FALSE
	EndGlobalSection
	GlobalSection(ExtensibilityGlobals) = postSolution
		SolutionGuid = {547E31FB-B10A-470D-B0FF-0C179B16ABC1}
	EndGlobalSection
EndGlobal
